
Microsoft Visual Studio Solution File, Format Version 12.00
# Visual Studio Version 16
VisualStudioVersion = 16.0.31402.337
MinimumVisualStudioVersion = 10.0.40219.1
Project("{8BC9CEB8-8B4A-11D0-8D11-00A0C91BC942}") = "LibmpvPlayer", "LibmpvPlayer\LibmpvPlayer.vcxproj", "{9E873F8A-D12B-4C98-B841-5F1A6DC06408}"
EndProject
Global
	GlobalSection(SolutionConfigurationPlatforms) = preSolution
		Debug|x64 = Debug|x64
		Release|x64 = Release|x64
	EndGlobalSection
	GlobalSection(ProjectConfigurationPlatforms) = postSolution
		{9E873F8A-D12B-4C98-B841-5F1A6DC06408}.Debug|x64.ActiveCfg = Debug|x64
		{9E873F8A-D12B-4C98-B841-5F1A6DC06408}.Debug|x64.Build.0 = Debug|x64
		{9E873F8A-D12B-4C98-B841-5F1A6DC06408}.Release|x64.ActiveCfg = Release|x64
		{9E873F8A-D12B-4C98-B841-5F1A6DC06408}.Release|x64.Build.0 = Release|x64
	EndGlobalSection
	GlobalSection(SolutionProperties) = preSolution
		HideSolutionNode = FALSE
	EndGlobalSection
	GlobalSection(ExtensibilityGlobals) = postSolution
		SolutionGuid = {5F962D06-A31E-49E1-B438-17679E2ECA37}
	EndGlobalSection
EndGlobal
